
Microsoft Visual Studio Solution File, Format Version 12.00
# Visual Studio Version 16
VisualStudioVersion = 16.0.30907.101
MinimumVisualStudioVersion = 10.0.40219.1
Project("{9A19103F-16F7-4668-BE54-9A1E7A4F7556}") = "DataAccess", "DataAccess\DataAccess.csproj", "{2A860865-91F6-4A27-812E-FEB5D4E68CE5}"
EndProject
Project("{9A19103F-16F7-4668-BE54-9A1E7A4F7556}") = "Business", "Business\Business.csproj", "{4A1C52BA-B241-4A73-9AA2-572859A5D91C}"
EndProject
Project("{9A19103F-16F7-4668-BE54-9A1E7A4F7556}") = "Entities", "Entities\Entities.csproj", "{E682A83A-4630-4DA7-B41B-445E83818DCB}"
EndProject
Project("{9A19103F-16F7-4668-BE54-9A1E7A4F7556}") = "ConsoleUI", "ConsoleUI\ConsoleUI.csproj", "{2A4B2FB7-4878-4DDD-8628-1B0609E46985}"
EndProject
Project("{9A19103F-16F7-4668-BE54-9A1E7A4F7556}") = "Core", "Core\Core.csproj", "{0C1C3A58-049C-4654-A3A6-A45E51982F26}"
EndProject
Project("{FAE04EC0-301F-11D3-BF4B-00C04F79EFBC}") = "WebAPI", "WebAPI\WebAPI.csproj", "{1BB09130-6D5F-43DB-A48C-80C4757139BC}"
EndProject
Global
	GlobalSection(SolutionConfigurationPlatforms) = preSolution
		Debug|Any CPU = Debug|Any CPU
		Release|Any CPU = Release|Any CPU
	EndGlobalSection
	GlobalSection(ProjectConfigurationPlatforms) = postSolution
		{2A860865-91F6-4A27-812E-FEB5D4E68CE5}.Debug|Any CPU.ActiveCfg = Debug|Any CPU
		{2A860865-91F6-4A27-812E-FEB5D4E68CE5}.Debug|Any CPU.Build.0 = Debug|Any CPU
		{2A860865-91F6-4A27-812E-FEB5D4E68CE5}.Release|Any CPU.ActiveCfg = Release|Any CPU
		{2A860865-91F6-4A27-812E-FEB5D4E68CE5}.Release|Any CPU.Build.0 = Release|Any CPU
		{4A1C52BA-B241-4A73-9AA2-572859A5D91C}.Debug|Any CPU.ActiveCfg = Debug|Any CPU
		{4A1C52BA-B241-4A73-9AA2-572859A5D91C}.Debug|Any CPU.Build.0 = Debug|Any CPU
		{4A1C52BA-B241-4A73-9AA2-572859A5D91C}.Release|Any CPU.ActiveCfg = Release|Any CPU
		{4A1C52BA-B241-4A73-9AA2-572859A5D91C}.Release|Any CPU.Build.0 = Release|Any CPU
		{E682A83A-4630-4DA7-B41B-445E83818DCB}.Debug|Any CPU.ActiveCfg = Debug|Any CPU
		{E682A83A-4630-4DA7-B41B-445E83818DCB}.Debug|Any CPU.Build.0 = Debug|Any CPU
		{E682A83A-4630-4DA7-B41B-445E83818DCB}.Release|Any CPU.ActiveCfg = Release|Any CPU
		{E682A83A-4630-4DA7-B41B-445E83818DCB}.Release|Any CPU.Build.0 = Release|Any CPU
		{2A4B2FB7-4878-4DDD-8628-1B0609E46985}.Debug|Any CPU.ActiveCfg = Debug|Any CPU
		{2A4B2FB7-4878-4DDD-8628-1B0609E46985}.Debug|Any CPU.Build.0 = Debug|Any CPU
		{2A4B2FB7-4878-4DDD-8628-1B0609E46985}.Release|Any CPU.ActiveCfg = Release|Any CPU
		{2A4B2FB7-4878-4DDD-8628-1B0609E46985}.Release|Any CPU.Build.0 = Release|Any CPU
		{0C1C3A58-049C-4654-A3A6-A45E51982F26}.Debug|Any CPU.ActiveCfg = Debug|Any CPU
		{0C1C3A58-049C-4654-A3A6-A45E51982F26}.Debug|Any CPU.Build.0 = Debug|Any CPU
		{0C1C3A58-049C-4654-A3A6-A45E51982F26}.Release|Any CPU.ActiveCfg = Release|Any CPU
		{0C1C3A58-049C-4654-A3A6-A45E51982F26}.Release|Any CPU.Build.0 = Release|Any CPU
		{1BB09130-6D5F-43DB-A48C-80C4757139BC}.Debug|Any CPU.ActiveCfg = Debug|Any CPU
		{1BB09130-6D5F-43DB-A48C-80C4757139BC}.Debug|Any CPU.Build.0 = Debug|Any CPU
		{1BB09130-6D5F-43DB-A48C-80C4757139BC}.Release|Any CPU.ActiveCfg = Release|Any CPU
		{1BB09130-6D5F-43DB-A48C-80C4757139BC}.Release|Any CPU.Build.0 = Release|Any CPU
	EndGlobalSection
	GlobalSection(SolutionProperties) = preSolution
		HideSolutionNode = FALSE
	EndGlobalSection
	GlobalSection(ExtensibilityGlobals) = postSolution
		SolutionGuid = {00161419-AC9A-41BD-9037-A4DCDB136FEE}
	EndGlobalSection
EndGlobal
